
Microsoft Visual Studio Solution File, Format Version 12.00
# Visual Studio Version 17
VisualStudioVersion = 17.8.34525.116
MinimumVisualStudioVersion = 10.0.40219.1
Project("{888888A0-9F3D-457C-B088-3A5042F75D52}") = "2D celular automaton", "2D celular automaton\2D celular automaton.pyproj", "{AAF7D915-2D5A-4B74-B84D-98757E1C2620}"
EndProject
Global
	GlobalSection(SolutionConfigurationPlatforms) = preSolution
		Debug|Any CPU = Debug|Any CPU
		Release|Any CPU = Release|Any CPU
	EndGlobalSection
	GlobalSection(ProjectConfigurationPlatforms) = postSolution
		{AAF7D915-2D5A-4B74-B84D-98757E1C2620}.Debug|Any CPU.ActiveCfg = Debug|Any CPU
		{AAF7D915-2D5A-4B74-B84D-98757E1C2620}.Release|Any CPU.ActiveCfg = Release|Any CPU
	EndGlobalSection
	GlobalSection(SolutionProperties) = preSolution
		HideSolutionNode = FALSE
	EndGlobalSection
	GlobalSection(ExtensibilityGlobals) = postSolution
		SolutionGuid = {0ACCDB1C-D75B-499A-B446-1882A1578A1F}
	EndGlobalSection
EndGlobal
