
Microsoft Visual Studio Solution File, Format Version 12.00
# Visual Studio Version 17
VisualStudioVersion = 17.8.34525.116
MinimumVisualStudioVersion = 10.0.40219.1
Project("{888888A0-9F3D-457C-B088-3A5042F75D52}") = "maze gen", "maze gen\maze gen.pyproj", "{4560736B-F73C-417E-9E4F-E2F793858CD8}"
EndProject
Global
	GlobalSection(SolutionConfigurationPlatforms) = preSolution
		Debug|Any CPU = Debug|Any CPU
		Release|Any CPU = Release|Any CPU
	EndGlobalSection
	GlobalSection(ProjectConfigurationPlatforms) = postSolution
		{4560736B-F73C-417E-9E4F-E2F793858CD8}.Debug|Any CPU.ActiveCfg = Debug|Any CPU
		{4560736B-F73C-417E-9E4F-E2F793858CD8}.Release|Any CPU.ActiveCfg = Release|Any CPU
	EndGlobalSection
	GlobalSection(SolutionProperties) = preSolution
		HideSolutionNode = FALSE
	EndGlobalSection
	GlobalSection(ExtensibilityGlobals) = postSolution
		SolutionGuid = {3FB23EC9-0E09-4F09-B934-D6499D171B0A}
	EndGlobalSection
EndGlobal
