
Microsoft Visual Studio Solution File, Format Version 12.00
# Visual Studio Version 17
VisualStudioVersion = 17.8.34525.116
MinimumVisualStudioVersion = 10.0.40219.1
Project("{888888A0-9F3D-457C-B088-3A5042F75D52}") = "outputCA", "outputCA\outputCA.pyproj", "{D62F9A23-BA38-4B8B-A453-395324399118}"
EndProject
Global
	GlobalSection(SolutionConfigurationPlatforms) = preSolution
		Debug|Any CPU = Debug|Any CPU
		Release|Any CPU = Release|Any CPU
	EndGlobalSection
	GlobalSection(ProjectConfigurationPlatforms) = postSolution
		{D62F9A23-BA38-4B8B-A453-395324399118}.Debug|Any CPU.ActiveCfg = Debug|Any CPU
		{D62F9A23-BA38-4B8B-A453-395324399118}.Release|Any CPU.ActiveCfg = Release|Any CPU
	EndGlobalSection
	GlobalSection(SolutionProperties) = preSolution
		HideSolutionNode = FALSE
	EndGlobalSection
	GlobalSection(ExtensibilityGlobals) = postSolution
		SolutionGuid = {5C708C2E-8875-4CB0-83BC-B147A3E217A4}
	EndGlobalSection
EndGlobal
